
Microsoft Visual Studio Solution File, Format Version 12.00
# Visual Studio Version 17
VisualStudioVersion = 17.5.33627.172
MinimumVisualStudioVersion = 10.0.40219.1
Project("{9A19103F-16F7-4668-BE54-9A1E7A4F7556}") = "TimeTrackingApp", "TimeTrackingApp\TimeTrackingApp.csproj", "{1B5F3C9C-4F01-4537-A7C3-6A6D53E2D0D1}"
EndProject
Global
	GlobalSection(SolutionConfigurationPlatforms) = preSolution
		Debug|Any CPU = Debug|Any CPU
		Release|Any CPU = Release|Any CPU
	EndGlobalSection
	GlobalSection(ProjectConfigurationPlatforms) = postSolution
		{1B5F3C9C-4F01-4537-A7C3-6A6D53E2D0D1}.Debug|Any CPU.ActiveCfg = Debug|Any CPU
		{1B5F3C9C-4F01-4537-A7C3-6A6D53E2D0D1}.Debug|Any CPU.Build.0 = Debug|Any CPU
		{1B5F3C9C-4F01-4537-A7C3-6A6D53E2D0D1}.Release|Any CPU.ActiveCfg = Release|Any CPU
		{1B5F3C9C-4F01-4537-A7C3-6A6D53E2D0D1}.Release|Any CPU.Build.0 = Release|Any CPU
	EndGlobalSection
	GlobalSection(SolutionProperties) = preSolution
		HideSolutionNode = FALSE
	EndGlobalSection
	GlobalSection(ExtensibilityGlobals) = postSolution
		SolutionGuid = {4E87933D-5D5B-4A88-9F69-ECFF799DE7D8}
	EndGlobalSection
EndGlobal
